// !$*UTF8*$!
{
	archiveVersion = 1;
	classes = {
	};
	objectVersion = 46;
	objects = {

/* Begin PBXBuildFile section */
		AD0A13101A143DC4001CDA4B /* AppDelegate.swift in Sources */ = {isa = PBXBuildFile; fileRef = AD0A130F1A143DC4001CDA4B /* AppDelegate.swift */; };
		AD0A13121A143DC4001CDA4B /* NavController.swift in Sources */ = {isa = PBXBuildFile; fileRef = AD0A13111A143DC4001CDA4B /* NavController.swift */; };
		AD0A13151A143DC4001CDA4B /* Main.storyboard in Resources */ = {isa = PBXBuildFile; fileRef = AD0A13131A143DC4001CDA4B /* Main.storyboard */; };
		AD0A13171A143DC4001CDA4B /* Images.xcassets in Resources */ = {isa = PBXBuildFile; fileRef = AD0A13161A143DC4001CDA4B /* Images.xcassets */; };
		AD0A131A1A143DC4001CDA4B /* LaunchScreen.xib in Resources */ = {isa = PBXBuildFile; fileRef = AD0A13181A143DC4001CDA4B /* LaunchScreen.xib */; };
		AD0A13261A143DC4001CDA4B /* Insulin_TrainerTests.swift in Sources */ = {isa = PBXBuildFile; fileRef = AD0A13251A143DC4001CDA4B /* Insulin_TrainerTests.swift */; };
		AD0A13301A148650001CDA4B /* HomeViewController.swift in Sources */ = {isa = PBXBuildFile; fileRef = AD0A132F1A148650001CDA4B /* HomeViewController.swift */; };
		AD0A13321A1488A6001CDA4B /* GConstants.swift in Sources */ = {isa = PBXBuildFile; fileRef = AD0A13311A1488A6001CDA4B /* GConstants.swift */; };
		AD0A13341A148AC9001CDA4B /* AddMenu.swift in Sources */ = {isa = PBXBuildFile; fileRef = AD0A13331A148AC9001CDA4B /* AddMenu.swift */; };
		AD0A13361A149EDA001CDA4B /* BloodSugarViewController.swift in Sources */ = {isa = PBXBuildFile; fileRef = AD0A13351A149EDA001CDA4B /* BloodSugarViewController.swift */; };
		AD0A13381A14A50E001CDA4B /* InsulinViewController.swift in Sources */ = {isa = PBXBuildFile; fileRef = AD0A13371A14A50E001CDA4B /* InsulinViewController.swift */; };
		AD0A133A1A14A530001CDA4B /* FoodViewController.swift in Sources */ = {isa = PBXBuildFile; fileRef = AD0A13391A14A530001CDA4B /* FoodViewController.swift */; };
		AD197EC11A155C02007FE0C6 /* LabeledFieldView.swift in Sources */ = {isa = PBXBuildFile; fileRef = AD197EC01A155C02007FE0C6 /* LabeledFieldView.swift */; };
		AD197EC31A155EFD007FE0C6 /* LabeledFieldSet.swift in Sources */ = {isa = PBXBuildFile; fileRef = AD197EC21A155EFD007FE0C6 /* LabeledFieldSet.swift */; };
		AD8456711A16BB550001C060 /* BSDatum.swift in Sources */ = {isa = PBXBuildFile; fileRef = AD8456701A16BB550001C060 /* BSDatum.swift */; };
		AD8456731A16C5100001C060 /* BSDatabase.swift in Sources */ = {isa = PBXBuildFile; fileRef = AD8456721A16C5100001C060 /* BSDatabase.swift */; };
		AD8DD04E1A1AD8210032CEF9 /* GraphView.swift in Sources */ = {isa = PBXBuildFile; fileRef = AD8DD04D1A1AD8210032CEF9 /* GraphView.swift */; };
		AD8DD0501A1B11160032CEF9 /* GraphWidget.swift in Sources */ = {isa = PBXBuildFile; fileRef = AD8DD04F1A1B11160032CEF9 /* GraphWidget.swift */; };
		AD8DD0521A1B194B0032CEF9 /* GlobalUIFunctions.swift in Sources */ = {isa = PBXBuildFile; fileRef = AD8DD0511A1B194B0032CEF9 /* GlobalUIFunctions.swift */; };
		ADE46C001A1580CB00E5843F /* AddSomethingViewController.swift in Sources */ = {isa = PBXBuildFile; fileRef = ADE46BFF1A1580CB00E5843F /* AddSomethingViewController.swift */; };
/* End PBXBuildFile section */

/* Begin PBXContainerItemProxy section */
		AD0A13201A143DC4001CDA4B /* PBXContainerItemProxy */ = {
			isa = PBXContainerItemProxy;
			containerPortal = AD0A13021A143DC4001CDA4B /* Project object */;
			proxyType = 1;
			remoteGlobalIDString = AD0A13091A143DC4001CDA4B;
			remoteInfo = "Insulin Trainer";
		};
/* End PBXContainerItemProxy section */

/* Begin PBXFileReference section */
		AD0A130A1A143DC4001CDA4B /* Insulin Trainer.app */ = {isa = PBXFileReference; explicitFileType = wrapper.application; includeInIndex = 0; path = "Insulin Trainer.app"; sourceTree = BUILT_PRODUCTS_DIR; };
		AD0A130E1A143DC4001CDA4B /* Info.plist */ = {isa = PBXFileReference; lastKnownFileType = text.plist.xml; path = Info.plist; sourceTree = "<group>"; };
		AD0A130F1A143DC4001CDA4B /* AppDelegate.swift */ = {isa = PBXFileReference; lastKnownFileType = sourcecode.swift; path = AppDelegate.swift; sourceTree = "<group>"; };
		AD0A13111A143DC4001CDA4B /* NavController.swift */ = {isa = PBXFileReference; lastKnownFileType = sourcecode.swift; path = NavController.swift; sourceTree = "<group>"; };
		AD0A13141A143DC4001CDA4B /* Base */ = {isa = PBXFileReference; lastKnownFileType = file.storyboard; name = Base; path = Base.lproj/Main.storyboard; sourceTree = "<group>"; };
		AD0A13161A143DC4001CDA4B /* Images.xcassets */ = {isa = PBXFileReference; lastKnownFileType = folder.assetcatalog; path = Images.xcassets; sourceTree = "<group>"; };
		AD0A13191A143DC4001CDA4B /* Base */ = {isa = PBXFileReference; lastKnownFileType = file.xib; name = Base; path = Base.lproj/LaunchScreen.xib; sourceTree = "<group>"; };
		AD0A131F1A143DC4001CDA4B /* Insulin TrainerTests.xctest */ = {isa = PBXFileReference; explicitFileType = wrapper.cfbundle; includeInIndex = 0; path = "Insulin TrainerTests.xctest"; sourceTree = BUILT_PRODUCTS_DIR; };
		AD0A13241A143DC4001CDA4B /* Info.plist */ = {isa = PBXFileReference; lastKnownFileType = text.plist.xml; path = Info.plist; sourceTree = "<group>"; };
		AD0A13251A143DC4001CDA4B /* Insulin_TrainerTests.swift */ = {isa = PBXFileReference; lastKnownFileType = sourcecode.swift; path = Insulin_TrainerTests.swift; sourceTree = "<group>"; };
		AD0A132F1A148650001CDA4B /* HomeViewController.swift */ = {isa = PBXFileReference; fileEncoding = 4; lastKnownFileType = sourcecode.swift; path = HomeViewController.swift; sourceTree = "<group>"; };
		AD0A13311A1488A6001CDA4B /* GConstants.swift */ = {isa = PBXFileReference; fileEncoding = 4; lastKnownFileType = sourcecode.swift; path = GConstants.swift; sourceTree = "<group>"; };
		AD0A13331A148AC9001CDA4B /* AddMenu.swift */ = {isa = PBXFileReference; fileEncoding = 4; lastKnownFileType = sourcecode.swift; path = AddMenu.swift; sourceTree = "<group>"; };
		AD0A13351A149EDA001CDA4B /* BloodSugarViewController.swift */ = {isa = PBXFileReference; fileEncoding = 4; lastKnownFileType = sourcecode.swift; name = BloodSugarViewController.swift; path = ../BloodSugarViewController.swift; sourceTree = "<group>"; };
		AD0A13371A14A50E001CDA4B /* InsulinViewController.swift */ = {isa = PBXFileReference; fileEncoding = 4; lastKnownFileType = sourcecode.swift; path = InsulinViewController.swift; sourceTree = "<group>"; };
		AD0A13391A14A530001CDA4B /* FoodViewController.swift */ = {isa = PBXFileReference; fileEncoding = 4; lastKnownFileType = sourcecode.swift; path = FoodViewController.swift; sourceTree = "<group>"; };
		AD197EC01A155C02007FE0C6 /* LabeledFieldView.swift */ = {isa = PBXFileReference; fileEncoding = 4; lastKnownFileType = sourcecode.swift; path = LabeledFieldView.swift; sourceTree = "<group>"; };
		AD197EC21A155EFD007FE0C6 /* LabeledFieldSet.swift */ = {isa = PBXFileReference; fileEncoding = 4; lastKnownFileType = sourcecode.swift; path = LabeledFieldSet.swift; sourceTree = "<group>"; };
		AD8456701A16BB550001C060 /* BSDatum.swift */ = {isa = PBXFileReference; fileEncoding = 4; lastKnownFileType = sourcecode.swift; name = BSDatum.swift; path = ../BSDatum.swift; sourceTree = "<group>"; };
		AD8456721A16C5100001C060 /* BSDatabase.swift */ = {isa = PBXFileReference; fileEncoding = 4; lastKnownFileType = sourcecode.swift; name = BSDatabase.swift; path = ../BSDatabase.swift; sourceTree = "<group>"; };
		AD8DD04D1A1AD8210032CEF9 /* GraphView.swift */ = {isa = PBXFileReference; fileEncoding = 4; lastKnownFileType = sourcecode.swift; path = GraphView.swift; sourceTree = "<group>"; };
		AD8DD04F1A1B11160032CEF9 /* GraphWidget.swift */ = {isa = PBXFileReference; fileEncoding = 4; lastKnownFileType = sourcecode.swift; path = GraphWidget.swift; sourceTree = "<group>"; };
		AD8DD0511A1B194B0032CEF9 /* GlobalUIFunctions.swift */ = {isa = PBXFileReference; fileEncoding = 4; lastKnownFileType = sourcecode.swift; path = GlobalUIFunctions.swift; sourceTree = "<group>"; };
		ADE46BFF1A1580CB00E5843F /* AddSomethingViewController.swift */ = {isa = PBXFileReference; fileEncoding = 4; lastKnownFileType = sourcecode.swift; name = AddSomethingViewController.swift; path = ../AddSomethingViewController.swift; sourceTree = "<group>"; };
/* End PBXFileReference section */

/* Begin PBXFrameworksBuildPhase section */
		AD0A13071A143DC4001CDA4B /* Frameworks */ = {
			isa = PBXFrameworksBuildPhase;
			buildActionMask = 2147483647;
			files = (
			);
			runOnlyForDeploymentPostprocessing = 0;
		};
		AD0A131C1A143DC4001CDA4B /* Frameworks */ = {
			isa = PBXFrameworksBuildPhase;
			buildActionMask = 2147483647;
			files = (
			);
			runOnlyForDeploymentPostprocessing = 0;
		};
/* End PBXFrameworksBuildPhase section */

/* Begin PBXGroup section */
		AD0A13011A143DC4001CDA4B = {
			isa = PBXGroup;
			children = (
				AD8DD0511A1B194B0032CEF9 /* GlobalUIFunctions.swift */,
				AD8DD04F1A1B11160032CEF9 /* GraphWidget.swift */,
				AD0A130C1A143DC4001CDA4B /* Insulin Trainer */,
				AD0A13221A143DC4001CDA4B /* Insulin TrainerTests */,
				AD0A130B1A143DC4001CDA4B /* Products */,
			);
			sourceTree = "<group>";
		};
		AD0A130B1A143DC4001CDA4B /* Products */ = {
			isa = PBXGroup;
			children = (
				AD0A130A1A143DC4001CDA4B /* Insulin Trainer.app */,
				AD0A131F1A143DC4001CDA4B /* Insulin TrainerTests.xctest */,
			);
			name = Products;
			sourceTree = "<group>";
		};
		AD0A130C1A143DC4001CDA4B /* Insulin Trainer */ = {
			isa = PBXGroup;
			children = (
				AD8456721A16C5100001C060 /* BSDatabase.swift */,
				AD8456701A16BB550001C060 /* BSDatum.swift */,
				ADE46BFF1A1580CB00E5843F /* AddSomethingViewController.swift */,
				AD0A13351A149EDA001CDA4B /* BloodSugarViewController.swift */,
				AD0A13371A14A50E001CDA4B /* InsulinViewController.swift */,
				AD0A13391A14A530001CDA4B /* FoodViewController.swift */,
				AD197EC01A155C02007FE0C6 /* LabeledFieldView.swift */,
				AD197EC21A155EFD007FE0C6 /* LabeledFieldSet.swift */,
				AD0A13331A148AC9001CDA4B /* AddMenu.swift */,
				AD8DD04D1A1AD8210032CEF9 /* GraphView.swift */,
				AD0A130F1A143DC4001CDA4B /* AppDelegate.swift */,
				AD0A13311A1488A6001CDA4B /* GConstants.swift */,
				AD0A13111A143DC4001CDA4B /* NavController.swift */,
				AD0A132F1A148650001CDA4B /* HomeViewController.swift */,
				AD0A13131A143DC4001CDA4B /* Main.storyboard */,
				AD0A13161A143DC4001CDA4B /* Images.xcassets */,
				AD0A13181A143DC4001CDA4B /* LaunchScreen.xib */,
				AD0A130D1A143DC4001CDA4B /* Supporting Files */,
			);
			path = "Insulin Trainer";
			sourceTree = "<group>";
		};
		AD0A130D1A143DC4001CDA4B /* Supporting Files */ = {
			isa = PBXGroup;
			children = (
				AD0A130E1A143DC4001CDA4B /* Info.plist */,
			);
			name = "Supporting Files";
			sourceTree = "<group>";
		};
		AD0A13221A143DC4001CDA4B /* Insulin TrainerTests */ = {
			isa = PBXGroup;
			children = (
				AD0A13251A143DC4001CDA4B /* Insulin_TrainerTests.swift */,
				AD0A13231A143DC4001CDA4B /* Supporting Files */,
			);
			path = "Insulin TrainerTests";
			sourceTree = "<group>";
		};
		AD0A13231A143DC4001CDA4B /* Supporting Files */ = {
			isa = PBXGroup;
			children = (
				AD0A13241A143DC4001CDA4B /* Info.plist */,
			);
			name = "Supporting Files";
			sourceTree = "<group>";
		};
/* End PBXGroup section */

/* Begin PBXNativeTarget section */
		AD0A13091A143DC4001CDA4B /* Insulin Trainer */ = {
			isa = PBXNativeTarget;
			buildConfigurationList = AD0A13291A143DC4001CDA4B /* Build configuration list for PBXNativeTarget "Insulin Trainer" */;
			buildPhases = (
				AD0A13061A143DC4001CDA4B /* Sources */,
				AD0A13071A143DC4001CDA4B /* Frameworks */,
				AD0A13081A143DC4001CDA4B /* Resources */,
			);
			buildRules = (
			);
			dependencies = (
			);
			name = "Insulin Trainer";
			productName = "Insulin Trainer";
			productReference = AD0A130A1A143DC4001CDA4B /* Insulin Trainer.app */;
			productType = "com.apple.product-type.application";
		};
		AD0A131E1A143DC4001CDA4B /* Insulin TrainerTests */ = {
			isa = PBXNativeTarget;
			buildConfigurationList = AD0A132C1A143DC4001CDA4B /* Build configuration list for PBXNativeTarget "Insulin TrainerTests" */;
			buildPhases = (
				AD0A131B1A143DC4001CDA4B /* Sources */,
				AD0A131C1A143DC4001CDA4B /* Frameworks */,
				AD0A131D1A143DC4001CDA4B /* Resources */,
			);
			buildRules = (
			);
			dependencies = (
				AD0A13211A143DC4001CDA4B /* PBXTargetDependency */,
			);
			name = "Insulin TrainerTests";
			productName = "Insulin TrainerTests";
			productReference = AD0A131F1A143DC4001CDA4B /* Insulin TrainerTests.xctest */;
			productType = "com.apple.product-type.bundle.unit-test";
		};
/* End PBXNativeTarget section */

/* Begin PBXProject section */
		AD0A13021A143DC4001CDA4B /* Project object */ = {
			isa = PBXProject;
			attributes = {
				LastUpgradeCheck = 0610;
				ORGANIZATIONNAME = "Weston Beecroft";
				TargetAttributes = {
					AD0A13091A143DC4001CDA4B = {
						CreatedOnToolsVersion = 6.1;
					};
					AD0A131E1A143DC4001CDA4B = {
						CreatedOnToolsVersion = 6.1;
						TestTargetID = AD0A13091A143DC4001CDA4B;
					};
				};
			};
			buildConfigurationList = AD0A13051A143DC4001CDA4B /* Build configuration list for PBXProject "Insulin Trainer" */;
			compatibilityVersion = "Xcode 3.2";
			developmentRegion = English;
			hasScannedForEncodings = 0;
			knownRegions = (
				en,
				Base,
			);
			mainGroup = AD0A13011A143DC4001CDA4B;
			productRefGroup = AD0A130B1A143DC4001CDA4B /* Products */;
			projectDirPath = "";
			projectRoot = "";
			targets = (
				AD0A13091A143DC4001CDA4B /* Insulin Trainer */,
				AD0A131E1A143DC4001CDA4B /* Insulin TrainerTests */,
			);
		};
/* End PBXProject section */

/* Begin PBXResourcesBuildPhase section */
		AD0A13081A143DC4001CDA4B /* Resources */ = {
			isa = PBXResourcesBuildPhase;
			buildActionMask = 2147483647;
			files = (
				AD0A13151A143DC4001CDA4B /* Main.storyboard in Resources */,
				AD0A131A1A143DC4001CDA4B /* LaunchScreen.xib in Resources */,
				AD0A13171A143DC4001CDA4B /* Images.xcassets in Resources */,
			);
			runOnlyForDeploymentPostprocessing = 0;
		};
		AD0A131D1A143DC4001CDA4B /* Resources */ = {
			isa = PBXResourcesBuildPhase;
			buildActionMask = 2147483647;
			files = (
			);
			runOnlyForDeploymentPostprocessing = 0;
		};
/* End PBXResourcesBuildPhase section */

/* Begin PBXSourcesBuildPhase section */
		AD0A13061A143DC4001CDA4B /* Sources */ = {
			isa = PBXSourcesBuildPhase;
			buildActionMask = 2147483647;
			files = (
				AD8456711A16BB550001C060 /* BSDatum.swift in Sources */,
				AD197EC11A155C02007FE0C6 /* LabeledFieldView.swift in Sources */,
				AD0A13381A14A50E001CDA4B /* InsulinViewController.swift in Sources */,
				AD0A13121A143DC4001CDA4B /* NavController.swift in Sources */,
				AD8456731A16C5100001C060 /* BSDatabase.swift in Sources */,
				AD0A133A1A14A530001CDA4B /* FoodViewController.swift in Sources */,
				AD0A13341A148AC9001CDA4B /* AddMenu.swift in Sources */,
				ADE46C001A1580CB00E5843F /* AddSomethingViewController.swift in Sources */,
				AD0A13101A143DC4001CDA4B /* AppDelegate.swift in Sources */,
				AD8DD04E1A1AD8210032CEF9 /* GraphView.swift in Sources */,
				AD8DD0521A1B194B0032CEF9 /* GlobalUIFunctions.swift in Sources */,
				AD0A13301A148650001CDA4B /* HomeViewController.swift in Sources */,
				AD197EC31A155EFD007FE0C6 /* LabeledFieldSet.swift in Sources */,
				AD0A13361A149EDA001CDA4B /* BloodSugarViewController.swift in Sources */,
				AD8DD0501A1B11160032CEF9 /* GraphWidget.swift in Sources */,
				AD0A13321A1488A6001CDA4B /* GConstants.swift in Sources */,
			);
			runOnlyForDeploymentPostprocessing = 0;
		};
		AD0A131B1A143DC4001CDA4B /* Sources */ = {
			isa = PBXSourcesBuildPhase;
			buildActionMask = 2147483647;
			files = (
				AD0A13261A143DC4001CDA4B /* Insulin_TrainerTests.swift in Sources */,
			);
			runOnlyForDeploymentPostprocessing = 0;
		};
/* End PBXSourcesBuildPhase section */

/* Begin PBXTargetDependency section */
		AD0A13211A143DC4001CDA4B /* PBXTargetDependency */ = {
			isa = PBXTargetDependency;
			target = AD0A13091A143DC4001CDA4B /* Insulin Trainer */;
			targetProxy = AD0A13201A143DC4001CDA4B /* PBXContainerItemProxy */;
		};
/* End PBXTargetDependency section */

/* Begin PBXVariantGroup section */
		AD0A13131A143DC4001CDA4B /* Main.storyboard */ = {
			isa = PBXVariantGroup;
			children = (
				AD0A13141A143DC4001CDA4B /* Base */,
			);
			name = Main.storyboard;
			sourceTree = "<group>";
		};
		AD0A13181A143DC4001CDA4B /* LaunchScreen.xib */ = {
			isa = PBXVariantGroup;
			children = (
				AD0A13191A143DC4001CDA4B /* Base */,
			);
			name = LaunchScreen.xib;
			sourceTree = "<group>";
		};
/* End PBXVariantGroup section */

/* Begin XCBuildConfiguration section */
		AD0A13271A143DC4001CDA4B /* Debug */ = {
			isa = XCBuildConfiguration;
			buildSettings = {
				ALWAYS_SEARCH_USER_PATHS = NO;
				CLANG_CXX_LANGUAGE_STANDARD = "gnu++0x";
				CLANG_CXX_LIBRARY = "libc++";
				CLANG_ENABLE_MODULES = YES;
				CLANG_ENABLE_OBJC_ARC = YES;
				CLANG_WARN_BOOL_CONVERSION = YES;
				CLANG_WARN_CONSTANT_CONVERSION = YES;
				CLANG_WARN_DIRECT_OBJC_ISA_USAGE = YES_ERROR;
				CLANG_WARN_EMPTY_BODY = YES;
				CLANG_WARN_ENUM_CONVERSION = YES;
				CLANG_WARN_INT_CONVERSION = YES;
				CLANG_WARN_OBJC_ROOT_CLASS = YES_ERROR;
				CLANG_WARN_UNREACHABLE_CODE = YES;
				CLANG_WARN__DUPLICATE_METHOD_MATCH = YES;
				"CODE_SIGN_IDENTITY[sdk=iphoneos*]" = "iPhone Developer";
				COPY_PHASE_STRIP = NO;
				ENABLE_STRICT_OBJC_MSGSEND = YES;
				GCC_C_LANGUAGE_STANDARD = gnu99;
				GCC_DYNAMIC_NO_PIC = NO;
				GCC_OPTIMIZATION_LEVEL = 0;
				GCC_PREPROCESSOR_DEFINITIONS = (
					"DEBUG=1",
					"$(inherited)",
				);
				GCC_SYMBOLS_PRIVATE_EXTERN = NO;
				GCC_WARN_64_TO_32_BIT_CONVERSION = YES;
				GCC_WARN_ABOUT_RETURN_TYPE = YES_ERROR;
				GCC_WARN_UNDECLARED_SELECTOR = YES;
				GCC_WARN_UNINITIALIZED_AUTOS = YES_AGGRESSIVE;
				GCC_WARN_UNUSED_FUNCTION = YES;
				GCC_WARN_UNUSED_VARIABLE = YES;
				IPHONEOS_DEPLOYMENT_TARGET = 8.1;
				MTL_ENABLE_DEBUG_INFO = YES;
				ONLY_ACTIVE_ARCH = YES;
				SDKROOT = iphoneos;
				SWIFT_OPTIMIZATION_LEVEL = "-Onone";
				TARGETED_DEVICE_FAMILY = "1,2";
			};
			name = Debug;
		};
		AD0A13281A143DC4001CDA4B /* Release */ = {
			isa = XCBuildConfiguration;
			buildSettings = {
				ALWAYS_SEARCH_USER_PATHS = NO;
				CLANG_CXX_LANGUAGE_STANDARD = "gnu++0x";
				CLANG_CXX_LIBRARY = "libc++";
				CLANG_ENABLE_MODULES = YES;
				CLANG_ENABLE_OBJC_ARC = YES;
				CLANG_WARN_BOOL_CONVERSION = YES;
				CLANG_WARN_CONSTANT_CONVERSION = YES;
				CLANG_WARN_DIRECT_OBJC_ISA_USAGE = YES_ERROR;
				CLANG_WARN_EMPTY_BODY = YES;
				CLANG_WARN_ENUM_CONVERSION = YES;
				CLANG_WARN_INT_CONVERSION = YES;
				CLANG_WARN_OBJC_ROOT_CLASS = YES_ERROR;
				CLANG_WARN_UNREACHABLE_CODE = YES;
				CLANG_WARN__DUPLICATE_METHOD_MATCH = YES;
				"CODE_SIGN_IDENTITY[sdk=iphoneos*]" = "iPhone Developer";
				COPY_PHASE_STRIP = YES;
				ENABLE_NS_ASSERTIONS = NO;
				ENABLE_STRICT_OBJC_MSGSEND = YES;
				GCC_C_LANGUAGE_STANDARD = gnu99;
				GCC_WARN_64_TO_32_BIT_CONVERSION = YES;
				GCC_WARN_ABOUT_RETURN_TYPE = YES_ERROR;
				GCC_WARN_UNDECLARED_SELECTOR = YES;
				GCC_WARN_UNINITIALIZED_AUTOS = YES_AGGRESSIVE;
				GCC_WARN_UNUSED_FUNCTION = YES;
				GCC_WARN_UNUSED_VARIABLE = YES;
				IPHONEOS_DEPLOYMENT_TARGET = 8.1;
				MTL_ENABLE_DEBUG_INFO = NO;
				SDKROOT = iphoneos;
				TARGETED_DEVICE_FAMILY = "1,2";
				VALIDATE_PRODUCT = YES;
			};
			name = Release;
		};
		AD0A132A1A143DC4001CDA4B /* Debug */ = {
			isa = XCBuildConfiguration;
			buildSettings = {
				ASSETCATALOG_COMPILER_APPICON_NAME = AppIcon;
				INFOPLIST_FILE = "Insulin Trainer/Info.plist";
				LD_RUNPATH_SEARCH_PATHS = "$(inherited) @executable_path/Frameworks";
				PRODUCT_NAME = "$(TARGET_NAME)";
			};
			name = Debug;
		};
		AD0A132B1A143DC4001CDA4B /* Release */ = {
			isa = XCBuildConfiguration;
			buildSettings = {
				ASSETCATALOG_COMPILER_APPICON_NAME = AppIcon;
				INFOPLIST_FILE = "Insulin Trainer/Info.plist";
				LD_RUNPATH_SEARCH_PATHS = "$(inherited) @executable_path/Frameworks";
				PRODUCT_NAME = "$(TARGET_NAME)";
			};
			name = Release;
		};
		AD0A132D1A143DC4001CDA4B /* Debug */ = {
			isa = XCBuildConfiguration;
			buildSettings = {
				BUNDLE_LOADER = "$(TEST_HOST)";
				FRAMEWORK_SEARCH_PATHS = (
					"$(SDKROOT)/Developer/Library/Frameworks",
					"$(inherited)",
				);
				GCC_PREPROCESSOR_DEFINITIONS = (
					"DEBUG=1",
					"$(inherited)",
				);
				INFOPLIST_FILE = "Insulin TrainerTests/Info.plist";
				LD_RUNPATH_SEARCH_PATHS = "$(inherited) @executable_path/Frameworks @loader_path/Frameworks";
				PRODUCT_NAME = "$(TARGET_NAME)";
				TEST_HOST = "$(BUILT_PRODUCTS_DIR)/Insulin Trainer.app/Insulin Trainer";
			};
			name = Debug;
		};
		AD0A132E1A143DC4001CDA4B /* Release */ = {
			isa = XCBuildConfiguration;
			buildSettings = {
				BUNDLE_LOADER = "$(TEST_HOST)";
				FRAMEWORK_SEARCH_PATHS = (
					"$(SDKROOT)/Developer/Library/Frameworks",
					"$(inherited)",
				);
				INFOPLIST_FILE = "Insulin TrainerTests/Info.plist";
				LD_RUNPATH_SEARCH_PATHS = "$(inherited) @executable_path/Frameworks @loader_path/Frameworks";
				PRODUCT_NAME = "$(TARGET_NAME)";
				TEST_HOST = "$(BUILT_PRODUCTS_DIR)/Insulin Trainer.app/Insulin Trainer";
			};
			name = Release;
		};
/* End XCBuildConfiguration section */

/* Begin XCConfigurationList section */
		AD0A13051A143DC4001CDA4B /* Build configuration list for PBXProject "Insulin Trainer" */ = {
			isa = XCConfigurationList;
			buildConfigurations = (
				AD0A13271A143DC4001CDA4B /* Debug */,
				AD0A13281A143DC4001CDA4B /* Release */,
			);
			defaultConfigurationIsVisible = 0;
			defaultConfigurationName = Release;
		};
		AD0A13291A143DC4001CDA4B /* Build configuration list for PBXNativeTarget "Insulin Trainer" */ = {
			isa = XCConfigurationList;
			buildConfigurations = (
				AD0A132A1A143DC4001CDA4B /* Debug */,
				AD0A132B1A143DC4001CDA4B /* Release */,
			);
			defaultConfigurationIsVisible = 0;
			defaultConfigurationName = Release;
		};
		AD0A132C1A143DC4001CDA4B /* Build configuration list for PBXNativeTarget "Insulin TrainerTests" */ = {
			isa = XCConfigurationList;
			buildConfigurations = (
				AD0A132D1A143DC4001CDA4B /* Debug */,
				AD0A132E1A143DC4001CDA4B /* Release */,
			);
			defaultConfigurationIsVisible = 0;
			defaultConfigurationName = Release;
		};
/* End XCConfigurationList section */
	};
	rootObject = AD0A13021A143DC4001CDA4B /* Project object */;
}
